
Microsoft Visual Studio Solution File, Format Version 12.00
# Visual Studio 15
VisualStudioVersion = 15.0.27130.2027
MinimumVisualStudioVersion = 10.0.40219.1
Project("{FAE04EC0-301F-11D3-BF4B-00C04F79EFBC}") = "Star_generator", "Star_generator\Star_generator.csproj", "{2B813A73-9684-45EA-BFDD-E432EB4808E6}"
EndProject
Global
	GlobalSection(SolutionConfigurationPlatforms) = preSolution
		Debug|Any CPU = Debug|Any CPU
		Release|Any CPU = Release|Any CPU
	EndGlobalSection
	GlobalSection(ProjectConfigurationPlatforms) = postSolution
		{2B813A73-9684-45EA-BFDD-E432EB4808E6}.Debug|Any CPU.ActiveCfg = Debug|Any CPU
		{2B813A73-9684-45EA-BFDD-E432EB4808E6}.Debug|Any CPU.Build.0 = Debug|Any CPU
		{2B813A73-9684-45EA-BFDD-E432EB4808E6}.Release|Any CPU.ActiveCfg = Release|Any CPU
		{2B813A73-9684-45EA-BFDD-E432EB4808E6}.Release|Any CPU.Build.0 = Release|Any CPU
	EndGlobalSection
	GlobalSection(SolutionProperties) = preSolution
		HideSolutionNode = FALSE
	EndGlobalSection
	GlobalSection(ExtensibilityGlobals) = postSolution
		SolutionGuid = {9A21299A-6BE6-4422-BCFF-D166874AF18E}
	EndGlobalSection
EndGlobal
